
Microsoft Visual Studio Solution File, Format Version 12.00
# Visual Studio Version 17
VisualStudioVersion = 17.11.35312.102
MinimumVisualStudioVersion = 10.0.40219.1
Project("{FAE04EC0-301F-11D3-BF4B-00C04F79EFBC}") = "MongoDbSample", "MongoDbSample\MongoDbSample.csproj", "{A3007662-F795-4416-AAE5-3C0CED8AB4CF}"
EndProject
Project("{FAE04EC0-301F-11D3-BF4B-00C04F79EFBC}") = "MongoDbSample.Context", "MongoDbSample.Context\MongoDbSample.Context.csproj", "{CF4EEE47-45E7-452E-8B93-D9109EB86C51}"
EndProject
Global
	GlobalSection(SolutionConfigurationPlatforms) = preSolution
		Debug|Any CPU = Debug|Any CPU
		Release|Any CPU = Release|Any CPU
	EndGlobalSection
	GlobalSection(ProjectConfigurationPlatforms) = postSolution
		{A3007662-F795-4416-AAE5-3C0CED8AB4CF}.Debug|Any CPU.ActiveCfg = Debug|Any CPU
		{A3007662-F795-4416-AAE5-3C0CED8AB4CF}.Debug|Any CPU.Build.0 = Debug|Any CPU
		{A3007662-F795-4416-AAE5-3C0CED8AB4CF}.Release|Any CPU.ActiveCfg = Release|Any CPU
		{A3007662-F795-4416-AAE5-3C0CED8AB4CF}.Release|Any CPU.Build.0 = Release|Any CPU
		{CF4EEE47-45E7-452E-8B93-D9109EB86C51}.Debug|Any CPU.ActiveCfg = Debug|Any CPU
		{CF4EEE47-45E7-452E-8B93-D9109EB86C51}.Debug|Any CPU.Build.0 = Debug|Any CPU
		{CF4EEE47-45E7-452E-8B93-D9109EB86C51}.Release|Any CPU.ActiveCfg = Release|Any CPU
		{CF4EEE47-45E7-452E-8B93-D9109EB86C51}.Release|Any CPU.Build.0 = Release|Any CPU
	EndGlobalSection
	GlobalSection(SolutionProperties) = preSolution
		HideSolutionNode = FALSE
	EndGlobalSection
	GlobalSection(ExtensibilityGlobals) = postSolution
		SolutionGuid = {196DE467-6DFF-4194-AC0B-588487E3E164}
	EndGlobalSection
EndGlobal
